{
  "name": "dia-02-bibliotecas-javascript-frameworks-css",
  "version": "1.0.0",
  "lockfileVersion": 1,
  "requires": true,
  "dependencies": {
    "just-validate": {
      "version": "2.0.0",
      "resolved": "https://registry.npmjs.org/just-validate/-/just-validate-2.0.0.tgz",
      "integrity": "sha512-FP1iQWWPxfuYLJftYcxNzpTWUOwcOHx237km9Bvg05SRbhovDwx9GFxResxxk9nyPXEtSo7YoL+Z4BxDiGTJsA=="
    }
  }
}
